
Microsoft Visual Studio Solution File, Format Version 12.00
# Visual Studio Version 16
VisualStudioVersion = 16.0.31729.503
MinimumVisualStudioVersion = 10.0.40219.1
Project("{FAE04EC0-301F-11D3-BF4B-00C04F79EFBC}") = "GH_Repo02", "GH_Repo02\GH_Repo02.csproj", "{AC7666F9-9A47-4FA8-8584-EF0A2AE3A99F}"
EndProject
Global
	GlobalSection(SolutionConfigurationPlatforms) = preSolution
		Debug|Any CPU = Debug|Any CPU
		Release|Any CPU = Release|Any CPU
	EndGlobalSection
	GlobalSection(ProjectConfigurationPlatforms) = postSolution
		{AC7666F9-9A47-4FA8-8584-EF0A2AE3A99F}.Debug|Any CPU.ActiveCfg = Debug|Any CPU
		{AC7666F9-9A47-4FA8-8584-EF0A2AE3A99F}.Debug|Any CPU.Build.0 = Debug|Any CPU
		{AC7666F9-9A47-4FA8-8584-EF0A2AE3A99F}.Release|Any CPU.ActiveCfg = Release|Any CPU
		{AC7666F9-9A47-4FA8-8584-EF0A2AE3A99F}.Release|Any CPU.Build.0 = Release|Any CPU
	EndGlobalSection
	GlobalSection(SolutionProperties) = preSolution
		HideSolutionNode = FALSE
	EndGlobalSection
	GlobalSection(ExtensibilityGlobals) = postSolution
		SolutionGuid = {A56EA435-BC4C-4823-8456-FD12AA2F8F49}
	EndGlobalSection
EndGlobal
